
Microsoft Visual Studio Solution File, Format Version 12.00
Project("{FAE04EC0-301F-11D3-BF4B-00C04F79EFBC}") = "DuoBlazorIcons", "DuoBlazorIcons\DuoBlazorIcons.csproj", "{574E47FF-7A57-46E5-A9D8-F64C11A7A07D}"
EndProject
Project("{FAE04EC0-301F-11D3-BF4B-00C04F79EFBC}") = "DuoBlazorIcons.Generator", "DuoBlazorIcons.Generator\DuoBlazorIcons.Generator.csproj", "{9EA2F9D6-238E-4353-B32E-8D75F740E6DE}"
EndProject
Project("{2150E333-8FDC-42A3-9474-1A3956D46DE8}") = "Solution Items", "Solution Items", "{AC0DDD11-91E5-4F25-87A0-CFE7B32315AF}"
	ProjectSection(SolutionItems) = preProject
		.gitignore = .gitignore
		.editorconfig = .editorconfig
		README.md = README.md
		LICENSE.md = LICENSE.md
		CHANGELOG.md = CHANGELOG.md
	EndProjectSection
EndProject
Project("{FAE04EC0-301F-11D3-BF4B-00C04F79EFBC}") = "DuoBlazorIcons.Showcase", "DuoBlazorIcons.Showcase\DuoBlazorIcons.Showcase.csproj", "{43C8BE32-CA01-4797-8500-E310BC2A3EA5}"
EndProject
Project("{2150E333-8FDC-42A3-9474-1A3956D46DE8}") = ".github", ".github", "{F743CA47-02F5-4AD2-8A4D-F530D92480EB}"
EndProject
Project("{2150E333-8FDC-42A3-9474-1A3956D46DE8}") = "assets", "assets", "{7B04A5D5-6E9F-4535-A9B0-75C105545597}"
	ProjectSection(SolutionItems) = preProject
		.github\assets\full-icon-set.png = .github\assets\full-icon-set.png
	EndProjectSection
EndProject
Project("{2150E333-8FDC-42A3-9474-1A3956D46DE8}") = "workflows", "workflows", "{44556BAE-927E-4895-8641-951EF38A8CB1}"
	ProjectSection(SolutionItems) = preProject
		.github\workflows\dotnet.yml = .github\workflows\dotnet.yml
	EndProjectSection
EndProject
Global
	GlobalSection(SolutionConfigurationPlatforms) = preSolution
		Debug|Any CPU = Debug|Any CPU
		Release|Any CPU = Release|Any CPU
	EndGlobalSection
	GlobalSection(ProjectConfigurationPlatforms) = postSolution
		{574E47FF-7A57-46E5-A9D8-F64C11A7A07D}.Debug|Any CPU.ActiveCfg = Debug|Any CPU
		{574E47FF-7A57-46E5-A9D8-F64C11A7A07D}.Debug|Any CPU.Build.0 = Debug|Any CPU
		{574E47FF-7A57-46E5-A9D8-F64C11A7A07D}.Release|Any CPU.ActiveCfg = Release|Any CPU
		{574E47FF-7A57-46E5-A9D8-F64C11A7A07D}.Release|Any CPU.Build.0 = Release|Any CPU
		{9EA2F9D6-238E-4353-B32E-8D75F740E6DE}.Debug|Any CPU.ActiveCfg = Debug|Any CPU
		{9EA2F9D6-238E-4353-B32E-8D75F740E6DE}.Debug|Any CPU.Build.0 = Debug|Any CPU
		{9EA2F9D6-238E-4353-B32E-8D75F740E6DE}.Release|Any CPU.ActiveCfg = Release|Any CPU
		{9EA2F9D6-238E-4353-B32E-8D75F740E6DE}.Release|Any CPU.Build.0 = Release|Any CPU
		{43C8BE32-CA01-4797-8500-E310BC2A3EA5}.Debug|Any CPU.ActiveCfg = Debug|Any CPU
		{43C8BE32-CA01-4797-8500-E310BC2A3EA5}.Debug|Any CPU.Build.0 = Debug|Any CPU
		{43C8BE32-CA01-4797-8500-E310BC2A3EA5}.Release|Any CPU.ActiveCfg = Release|Any CPU
		{43C8BE32-CA01-4797-8500-E310BC2A3EA5}.Release|Any CPU.Build.0 = Release|Any CPU
	EndGlobalSection
	GlobalSection(NestedProjects) = preSolution
		{F743CA47-02F5-4AD2-8A4D-F530D92480EB} = {AC0DDD11-91E5-4F25-87A0-CFE7B32315AF}
		{7B04A5D5-6E9F-4535-A9B0-75C105545597} = {F743CA47-02F5-4AD2-8A4D-F530D92480EB}
		{44556BAE-927E-4895-8641-951EF38A8CB1} = {F743CA47-02F5-4AD2-8A4D-F530D92480EB}
	EndGlobalSection
EndGlobal
